
Microsoft Visual Studio Solution File, Format Version 12.00
# Visual Studio Version 17
VisualStudioVersion = 17.14.36511.14 d17.14
MinimumVisualStudioVersion = 10.0.40219.1
Project("{FAE04EC0-301F-11D3-BF4B-00C04F79EFBC}") = "SolWorldMod", "SolWorldMod.csproj", "{533CE177-54AB-8934-9367-40725D40AECE}"
EndProject
Global
	GlobalSection(SolutionConfigurationPlatforms) = preSolution
		Debug|Any CPU = Debug|Any CPU
		Release|Any CPU = Release|Any CPU
	EndGlobalSection
	GlobalSection(ProjectConfigurationPlatforms) = postSolution
		{533CE177-54AB-8934-9367-40725D40AECE}.Debug|Any CPU.ActiveCfg = Debug|Any CPU
		{533CE177-54AB-8934-9367-40725D40AECE}.Debug|Any CPU.Build.0 = Debug|Any CPU
		{533CE177-54AB-8934-9367-40725D40AECE}.Release|Any CPU.ActiveCfg = Release|Any CPU
		{533CE177-54AB-8934-9367-40725D40AECE}.Release|Any CPU.Build.0 = Release|Any CPU
	EndGlobalSection
	GlobalSection(SolutionProperties) = preSolution
		HideSolutionNode = FALSE
	EndGlobalSection
	GlobalSection(ExtensibilityGlobals) = postSolution
		SolutionGuid = {18870846-AB83-4C8C-A27F-E033A5A9D600}
	EndGlobalSection
EndGlobal
